
Microsoft Visual Studio Solution File, Format Version 12.00
# Visual Studio 15
VisualStudioVersion = 15.0.28010.2048
MinimumVisualStudioVersion = 10.0.40219.1
Project("{9A19103F-16F7-4668-BE54-9A1E7A4F7556}") = "Benchmarking", "Benchmarking\Benchmarking.csproj", "{020732C1-3C5A-41AE-AAFA-42DBDF8163C2}"
EndProject
Project("{FAE04EC0-301F-11D3-BF4B-00C04F79EFBC}") = "Magic3x3", "Magic3x3\Magic3x3.csproj", "{4E16992C-C4D4-475B-B5A2-F46796E64BD1}"
EndProject
Project("{FAE04EC0-301F-11D3-BF4B-00C04F79EFBC}") = "Test17_SealedClass", "Test17_SealedClass\Test17_SealedClass.csproj", "{66C73F98-8643-4051-907F-01F027C55213}"
EndProject
Project("{FAE04EC0-301F-11D3-BF4B-00C04F79EFBC}") = "Test18_TryCatch_TryParse", "Test18_TryCatch_TryParse\Test18_TryCatch_TryParse.csproj", "{F0C85229-3385-4EFF-95C7-AD96A1AE8BA1}"
EndProject
Project("{FAE04EC0-301F-11D3-BF4B-00C04F79EFBC}") = "Test19_Bitwise", "Test19\Test19_Bitwise.csproj", "{81FF1933-AB7D-4968-9745-1992CC59545A}"
EndProject
Project("{FAE04EC0-301F-11D3-BF4B-00C04F79EFBC}") = "Test01_For_Foreach", "Test01_For_Foreach\Test01_For_Foreach.csproj", "{080E6A09-B774-4995-B143-2FAE18A9D82B}"
EndProject
Project("{FAE04EC0-301F-11D3-BF4B-00C04F79EFBC}") = "Test02_Class_Struct", "Test02_Class_Struct\Test02_Class_Struct.csproj", "{14B8DDBF-4845-4166-804E-CACA987F9DD2}"
EndProject
Project("{FAE04EC0-301F-11D3-BF4B-00C04F79EFBC}") = "Test03_ReadOnly", "Test03_ReadOnly\Test03_ReadOnly.csproj", "{494E7C96-D63A-4BE2-B81C-1C1BE3492DDC}"
EndProject
Project("{FAE04EC0-301F-11D3-BF4B-00C04F79EFBC}") = "Test04_StringBuilder", "Test04_StringBuilder\Test04_StringBuilder.csproj", "{0F7BC22E-5336-4388-832B-4424AFED3BA1}"
EndProject
Project("{FAE04EC0-301F-11D3-BF4B-00C04F79EFBC}") = "Test05_Checked", "Test05_Checked\Test05_Checked.csproj", "{3D5E570F-3B14-4219-BDAB-F6695E683C05}"
EndProject
Project("{FAE04EC0-301F-11D3-BF4B-00C04F79EFBC}") = "Test06_ConditionCheckingOrder", "Test06_ConditionCheckingOrder\Test06_ConditionCheckingOrder.csproj", "{76B29389-E841-430D-9F4F-B74A877952F9}"
EndProject
Project("{FAE04EC0-301F-11D3-BF4B-00C04F79EFBC}") = "Test07_Initialized", "Test07_Initialized\Test07_Initialized.csproj", "{68BD41DB-2612-4287-8D05-F7817503BCF4}"
EndProject
Project("{FAE04EC0-301F-11D3-BF4B-00C04F79EFBC}") = "Test08_List_IEnumerable", "Test08_List_IEnumerable\Test08_List_IEnumerable.csproj", "{D38D79E4-B730-4EEA-B73B-EF2F498560C6}"
EndProject
Project("{FAE04EC0-301F-11D3-BF4B-00C04F79EFBC}") = "Test09_RowFirst_ColumnFirst", "Test09_RowFirst_ColumnFirst\Test09_RowFirst_ColumnFirst.csproj", "{D2C4B360-8C59-492D-BB03-28986D0A5056}"
EndProject
Project("{FAE04EC0-301F-11D3-BF4B-00C04F79EFBC}") = "Test09b_2DArray", "Test09b_2DArray\Test09b_2DArray.csproj", "{5014EA2B-F21F-4BF4-8DD9-7940BFE1D682}"
EndProject
Project("{FAE04EC0-301F-11D3-BF4B-00C04F79EFBC}") = "Test10_Compare", "Test10_Compare\Test10_Compare.csproj", "{1FB378F3-A603-423B-9E44-642A0BB31C53}"
EndProject
Project("{FAE04EC0-301F-11D3-BF4B-00C04F79EFBC}") = "Test11_StronglyType", "Test11_StronglyType\Test11_StronglyType.csproj", "{0AAF8392-0D77-442A-9D08-2565242430FE}"
EndProject
Project("{FAE04EC0-301F-11D3-BF4B-00C04F79EFBC}") = "Test11b_List", "Test11b_List\Test11b_List.csproj", "{98D32597-3A34-4536-BEF6-D9CE5C1C3855}"
EndProject
Project("{FAE04EC0-301F-11D3-BF4B-00C04F79EFBC}") = "Test12_Equals_ReferenceEquals", "Test12_Equals_ReferenceEquals\Test12_Equals_ReferenceEquals.csproj", "{48FD790A-E4F7-4E84-8A4B-4DA85FF8E87F}"
EndProject
Project("{FAE04EC0-301F-11D3-BF4B-00C04F79EFBC}") = "Test13_Loop_Recursion", "Test13_Loop_Recursion\Test13_Loop_Recursion.csproj", "{D4425891-9D4F-4448-9509-51C0DC4C3D65}"
EndProject
Project("{FAE04EC0-301F-11D3-BF4B-00C04F79EFBC}") = "Test14_OptionalParameter_Overloading", "Test14_OptionalParameter_Overloading\Test14_OptionalParameter_Overloading.csproj", "{F4DAE41F-EC8D-4912-A676-BCC7EF56C317}"
EndProject
Project("{FAE04EC0-301F-11D3-BF4B-00C04F79EFBC}") = "Test15_ByValue_ByRef", "Test15_ByValue_ByRef\Test15_ByValue_ByRef.csproj", "{5550A626-F141-4D07-9CF8-6378439E1B2F}"
EndProject
Project("{FAE04EC0-301F-11D3-BF4B-00C04F79EFBC}") = "Test16_ByLoop_ArrayCopy", "Test16_ByLoop_ArrayCopy\Test16_ByLoop_ArrayCopy.csproj", "{75EE2B22-C3C7-40FF-856D-05289A431FC0}"
EndProject
Project("{FAE04EC0-301F-11D3-BF4B-00C04F79EFBC}") = "Test15b_Return_Out", "Test15b_Return_Out\Test15b_Return_Out.csproj", "{48DD5206-1E61-430B-917D-8D8F8F327923}"
EndProject
Project("{FAE04EC0-301F-11D3-BF4B-00C04F79EFBC}") = "Test20_Multi_Level_Inheritance", "Test20\Test20_Multi_Level_Inheritance.csproj", "{2C9812C0-5FDB-4895-B53C-E89FA2D4F29F}"
EndProject
Project("{FAE04EC0-301F-11D3-BF4B-00C04F79EFBC}") = "Test21_NoInlining", "Test21\Test21_NoInlining.csproj", "{EE20CB35-64FF-4BC8-AB72-BC1FEB04FD02}"
EndProject
Project("{FAE04EC0-301F-11D3-BF4B-00C04F79EFBC}") = "Test22_Lookup", "Test22\Test22_Lookup.csproj", "{E14C5C61-50E9-4AD0-8086-6632DDA9F8E4}"
EndProject
Project("{FAE04EC0-301F-11D3-BF4B-00C04F79EFBC}") = "Test23_Cache", "Test23\Test23_Cache.csproj", "{BFEBE1E9-5FC3-4169-8712-186F4C7305A2}"
EndProject
Project("{FAE04EC0-301F-11D3-BF4B-00C04F79EFBC}") = "TestIsland", "TestIsland\TestIsland.csproj", "{ED41B213-45CE-4171-8E09-A2D91F62C5B8}"
EndProject
Project("{FAE04EC0-301F-11D3-BF4B-00C04F79EFBC}") = "Test24_RedundantCode", "Test24\Test24_RedundantCode.csproj", "{278E4FEA-F18A-4C57-BF62-13EE2E861A0A}"
EndProject
Project("{FAE04EC0-301F-11D3-BF4B-00C04F79EFBC}") = "Test25_BlockCopy", "Test25\Test25_BlockCopy.csproj", "{D6A5A6E7-4890-44B9-8938-5AB292D9DA77}"
EndProject
Project("{FAE04EC0-301F-11D3-BF4B-00C04F79EFBC}") = "MissStep", "MissStep\MissStep.csproj", "{DD98DFEC-24A6-4D8A-AD4F-52ACA0CB9327}"
EndProject
Project("{FAE04EC0-301F-11D3-BF4B-00C04F79EFBC}") = "Test26_RightShift", "Test26\Test26_RightShift.csproj", "{821863DA-7378-400D-A9B2-ED2BAB6C7B5B}"
EndProject
Project("{FAE04EC0-301F-11D3-BF4B-00C04F79EFBC}") = "Test27_Port", "Test27_Port\Test27_Port.csproj", "{539D528D-8ECE-4B63-945D-25A095BF6DC9}"
EndProject
Project("{FAE04EC0-301F-11D3-BF4B-00C04F79EFBC}") = "Test27b_Async_Port", "Test27b_Async_Port\Test27b_Async_Port.csproj", "{C35ACFDA-D62F-4EBB-999B-CA2EAD43F01E}"
EndProject
Project("{FAE04EC0-301F-11D3-BF4B-00C04F79EFBC}") = "Test28_Pointer", "Test28\Test28_Pointer.csproj", "{13DD0E14-CA6B-41D2-B65C-707023FA5265}"
EndProject
Project("{FAE04EC0-301F-11D3-BF4B-00C04F79EFBC}") = "Test29_Memset", "Test29\Test29_Memset.csproj", "{082F5B0C-DFF6-4349-989E-DA4206177DBB}"
EndProject
Project("{FAE04EC0-301F-11D3-BF4B-00C04F79EFBC}") = "Test30_Swap_Array", "Test30_Swap_Array\Test30_Swap_Array.csproj", "{34244362-0D47-45B2-A8BC-A8B215AECFCF}"
EndProject
Global
	GlobalSection(SolutionConfigurationPlatforms) = preSolution
		Debug|Any CPU = Debug|Any CPU
		Release|Any CPU = Release|Any CPU
	EndGlobalSection
	GlobalSection(ProjectConfigurationPlatforms) = postSolution
		{020732C1-3C5A-41AE-AAFA-42DBDF8163C2}.Debug|Any CPU.ActiveCfg = Debug|Any CPU
		{020732C1-3C5A-41AE-AAFA-42DBDF8163C2}.Debug|Any CPU.Build.0 = Debug|Any CPU
		{020732C1-3C5A-41AE-AAFA-42DBDF8163C2}.Release|Any CPU.ActiveCfg = Release|Any CPU
		{020732C1-3C5A-41AE-AAFA-42DBDF8163C2}.Release|Any CPU.Build.0 = Release|Any CPU
		{4E16992C-C4D4-475B-B5A2-F46796E64BD1}.Debug|Any CPU.ActiveCfg = Debug|Any CPU
		{4E16992C-C4D4-475B-B5A2-F46796E64BD1}.Debug|Any CPU.Build.0 = Debug|Any CPU
		{4E16992C-C4D4-475B-B5A2-F46796E64BD1}.Release|Any CPU.ActiveCfg = Release|Any CPU
		{4E16992C-C4D4-475B-B5A2-F46796E64BD1}.Release|Any CPU.Build.0 = Release|Any CPU
		{66C73F98-8643-4051-907F-01F027C55213}.Debug|Any CPU.ActiveCfg = Debug|Any CPU
		{66C73F98-8643-4051-907F-01F027C55213}.Debug|Any CPU.Build.0 = Debug|Any CPU
		{66C73F98-8643-4051-907F-01F027C55213}.Release|Any CPU.ActiveCfg = Release|Any CPU
		{66C73F98-8643-4051-907F-01F027C55213}.Release|Any CPU.Build.0 = Release|Any CPU
		{F0C85229-3385-4EFF-95C7-AD96A1AE8BA1}.Debug|Any CPU.ActiveCfg = Debug|Any CPU
		{F0C85229-3385-4EFF-95C7-AD96A1AE8BA1}.Debug|Any CPU.Build.0 = Debug|Any CPU
		{F0C85229-3385-4EFF-95C7-AD96A1AE8BA1}.Release|Any CPU.ActiveCfg = Release|Any CPU
		{F0C85229-3385-4EFF-95C7-AD96A1AE8BA1}.Release|Any CPU.Build.0 = Release|Any CPU
		{81FF1933-AB7D-4968-9745-1992CC59545A}.Debug|Any CPU.ActiveCfg = Debug|Any CPU
		{81FF1933-AB7D-4968-9745-1992CC59545A}.Debug|Any CPU.Build.0 = Debug|Any CPU
		{81FF1933-AB7D-4968-9745-1992CC59545A}.Release|Any CPU.ActiveCfg = Release|Any CPU
		{81FF1933-AB7D-4968-9745-1992CC59545A}.Release|Any CPU.Build.0 = Release|Any CPU
		{080E6A09-B774-4995-B143-2FAE18A9D82B}.Debug|Any CPU.ActiveCfg = Debug|Any CPU
		{080E6A09-B774-4995-B143-2FAE18A9D82B}.Debug|Any CPU.Build.0 = Debug|Any CPU
		{080E6A09-B774-4995-B143-2FAE18A9D82B}.Release|Any CPU.ActiveCfg = Release|Any CPU
		{080E6A09-B774-4995-B143-2FAE18A9D82B}.Release|Any CPU.Build.0 = Release|Any CPU
		{14B8DDBF-4845-4166-804E-CACA987F9DD2}.Debug|Any CPU.ActiveCfg = Debug|Any CPU
		{14B8DDBF-4845-4166-804E-CACA987F9DD2}.Debug|Any CPU.Build.0 = Debug|Any CPU
		{14B8DDBF-4845-4166-804E-CACA987F9DD2}.Release|Any CPU.ActiveCfg = Release|Any CPU
		{14B8DDBF-4845-4166-804E-CACA987F9DD2}.Release|Any CPU.Build.0 = Release|Any CPU
		{494E7C96-D63A-4BE2-B81C-1C1BE3492DDC}.Debug|Any CPU.ActiveCfg = Debug|Any CPU
		{494E7C96-D63A-4BE2-B81C-1C1BE3492DDC}.Debug|Any CPU.Build.0 = Debug|Any CPU
		{494E7C96-D63A-4BE2-B81C-1C1BE3492DDC}.Release|Any CPU.ActiveCfg = Release|Any CPU
		{494E7C96-D63A-4BE2-B81C-1C1BE3492DDC}.Release|Any CPU.Build.0 = Release|Any CPU
		{0F7BC22E-5336-4388-832B-4424AFED3BA1}.Debug|Any CPU.ActiveCfg = Debug|Any CPU
		{0F7BC22E-5336-4388-832B-4424AFED3BA1}.Debug|Any CPU.Build.0 = Debug|Any CPU
		{0F7BC22E-5336-4388-832B-4424AFED3BA1}.Release|Any CPU.ActiveCfg = Release|Any CPU
		{0F7BC22E-5336-4388-832B-4424AFED3BA1}.Release|Any CPU.Build.0 = Release|Any CPU
		{3D5E570F-3B14-4219-BDAB-F6695E683C05}.Debug|Any CPU.ActiveCfg = Debug|Any CPU
		{3D5E570F-3B14-4219-BDAB-F6695E683C05}.Debug|Any CPU.Build.0 = Debug|Any CPU
		{3D5E570F-3B14-4219-BDAB-F6695E683C05}.Release|Any CPU.ActiveCfg = Release|Any CPU
		{3D5E570F-3B14-4219-BDAB-F6695E683C05}.Release|Any CPU.Build.0 = Release|Any CPU
		{76B29389-E841-430D-9F4F-B74A877952F9}.Debug|Any CPU.ActiveCfg = Debug|Any CPU
		{76B29389-E841-430D-9F4F-B74A877952F9}.Debug|Any CPU.Build.0 = Debug|Any CPU
		{76B29389-E841-430D-9F4F-B74A877952F9}.Release|Any CPU.ActiveCfg = Release|Any CPU
		{76B29389-E841-430D-9F4F-B74A877952F9}.Release|Any CPU.Build.0 = Release|Any CPU
		{68BD41DB-2612-4287-8D05-F7817503BCF4}.Debug|Any CPU.ActiveCfg = Debug|Any CPU
		{68BD41DB-2612-4287-8D05-F7817503BCF4}.Debug|Any CPU.Build.0 = Debug|Any CPU
		{68BD41DB-2612-4287-8D05-F7817503BCF4}.Release|Any CPU.ActiveCfg = Release|Any CPU
		{68BD41DB-2612-4287-8D05-F7817503BCF4}.Release|Any CPU.Build.0 = Release|Any CPU
		{D38D79E4-B730-4EEA-B73B-EF2F498560C6}.Debug|Any CPU.ActiveCfg = Debug|Any CPU
		{D38D79E4-B730-4EEA-B73B-EF2F498560C6}.Debug|Any CPU.Build.0 = Debug|Any CPU
		{D38D79E4-B730-4EEA-B73B-EF2F498560C6}.Release|Any CPU.ActiveCfg = Release|Any CPU
		{D38D79E4-B730-4EEA-B73B-EF2F498560C6}.Release|Any CPU.Build.0 = Release|Any CPU
		{D2C4B360-8C59-492D-BB03-28986D0A5056}.Debug|Any CPU.ActiveCfg = Debug|Any CPU
		{D2C4B360-8C59-492D-BB03-28986D0A5056}.Debug|Any CPU.Build.0 = Debug|Any CPU
		{D2C4B360-8C59-492D-BB03-28986D0A5056}.Release|Any CPU.ActiveCfg = Release|Any CPU
		{D2C4B360-8C59-492D-BB03-28986D0A5056}.Release|Any CPU.Build.0 = Release|Any CPU
		{5014EA2B-F21F-4BF4-8DD9-7940BFE1D682}.Debug|Any CPU.ActiveCfg = Debug|Any CPU
		{5014EA2B-F21F-4BF4-8DD9-7940BFE1D682}.Debug|Any CPU.Build.0 = Debug|Any CPU
		{5014EA2B-F21F-4BF4-8DD9-7940BFE1D682}.Release|Any CPU.ActiveCfg = Release|Any CPU
		{5014EA2B-F21F-4BF4-8DD9-7940BFE1D682}.Release|Any CPU.Build.0 = Release|Any CPU
		{1FB378F3-A603-423B-9E44-642A0BB31C53}.Debug|Any CPU.ActiveCfg = Debug|Any CPU
		{1FB378F3-A603-423B-9E44-642A0BB31C53}.Debug|Any CPU.Build.0 = Debug|Any CPU
		{1FB378F3-A603-423B-9E44-642A0BB31C53}.Release|Any CPU.ActiveCfg = Release|Any CPU
		{1FB378F3-A603-423B-9E44-642A0BB31C53}.Release|Any CPU.Build.0 = Release|Any CPU
		{0AAF8392-0D77-442A-9D08-2565242430FE}.Debug|Any CPU.ActiveCfg = Debug|Any CPU
		{0AAF8392-0D77-442A-9D08-2565242430FE}.Debug|Any CPU.Build.0 = Debug|Any CPU
		{0AAF8392-0D77-442A-9D08-2565242430FE}.Release|Any CPU.ActiveCfg = Release|Any CPU
		{0AAF8392-0D77-442A-9D08-2565242430FE}.Release|Any CPU.Build.0 = Release|Any CPU
		{98D32597-3A34-4536-BEF6-D9CE5C1C3855}.Debug|Any CPU.ActiveCfg = Debug|Any CPU
		{98D32597-3A34-4536-BEF6-D9CE5C1C3855}.Debug|Any CPU.Build.0 = Debug|Any CPU
		{98D32597-3A34-4536-BEF6-D9CE5C1C3855}.Release|Any CPU.ActiveCfg = Release|Any CPU
		{98D32597-3A34-4536-BEF6-D9CE5C1C3855}.Release|Any CPU.Build.0 = Release|Any CPU
		{48FD790A-E4F7-4E84-8A4B-4DA85FF8E87F}.Debug|Any CPU.ActiveCfg = Debug|Any CPU
		{48FD790A-E4F7-4E84-8A4B-4DA85FF8E87F}.Debug|Any CPU.Build.0 = Debug|Any CPU
		{48FD790A-E4F7-4E84-8A4B-4DA85FF8E87F}.Release|Any CPU.ActiveCfg = Release|Any CPU
		{48FD790A-E4F7-4E84-8A4B-4DA85FF8E87F}.Release|Any CPU.Build.0 = Release|Any CPU
		{D4425891-9D4F-4448-9509-51C0DC4C3D65}.Debug|Any CPU.ActiveCfg = Debug|Any CPU
		{D4425891-9D4F-4448-9509-51C0DC4C3D65}.Debug|Any CPU.Build.0 = Debug|Any CPU
		{D4425891-9D4F-4448-9509-51C0DC4C3D65}.Release|Any CPU.ActiveCfg = Release|Any CPU
		{D4425891-9D4F-4448-9509-51C0DC4C3D65}.Release|Any CPU.Build.0 = Release|Any CPU
		{F4DAE41F-EC8D-4912-A676-BCC7EF56C317}.Debug|Any CPU.ActiveCfg = Debug|Any CPU
		{F4DAE41F-EC8D-4912-A676-BCC7EF56C317}.Debug|Any CPU.Build.0 = Debug|Any CPU
		{F4DAE41F-EC8D-4912-A676-BCC7EF56C317}.Release|Any CPU.ActiveCfg = Release|Any CPU
		{F4DAE41F-EC8D-4912-A676-BCC7EF56C317}.Release|Any CPU.Build.0 = Release|Any CPU
		{5550A626-F141-4D07-9CF8-6378439E1B2F}.Debug|Any CPU.ActiveCfg = Debug|Any CPU
		{5550A626-F141-4D07-9CF8-6378439E1B2F}.Debug|Any CPU.Build.0 = Debug|Any CPU
		{5550A626-F141-4D07-9CF8-6378439E1B2F}.Release|Any CPU.ActiveCfg = Release|Any CPU
		{5550A626-F141-4D07-9CF8-6378439E1B2F}.Release|Any CPU.Build.0 = Release|Any CPU
		{75EE2B22-C3C7-40FF-856D-05289A431FC0}.Debug|Any CPU.ActiveCfg = Debug|Any CPU
		{75EE2B22-C3C7-40FF-856D-05289A431FC0}.Debug|Any CPU.Build.0 = Debug|Any CPU
		{75EE2B22-C3C7-40FF-856D-05289A431FC0}.Release|Any CPU.ActiveCfg = Release|Any CPU
		{75EE2B22-C3C7-40FF-856D-05289A431FC0}.Release|Any CPU.Build.0 = Release|Any CPU
		{48DD5206-1E61-430B-917D-8D8F8F327923}.Debug|Any CPU.ActiveCfg = Debug|Any CPU
		{48DD5206-1E61-430B-917D-8D8F8F327923}.Debug|Any CPU.Build.0 = Debug|Any CPU
		{48DD5206-1E61-430B-917D-8D8F8F327923}.Release|Any CPU.ActiveCfg = Release|Any CPU
		{48DD5206-1E61-430B-917D-8D8F8F327923}.Release|Any CPU.Build.0 = Release|Any CPU
		{2C9812C0-5FDB-4895-B53C-E89FA2D4F29F}.Debug|Any CPU.ActiveCfg = Debug|Any CPU
		{2C9812C0-5FDB-4895-B53C-E89FA2D4F29F}.Debug|Any CPU.Build.0 = Debug|Any CPU
		{2C9812C0-5FDB-4895-B53C-E89FA2D4F29F}.Release|Any CPU.ActiveCfg = Release|Any CPU
		{2C9812C0-5FDB-4895-B53C-E89FA2D4F29F}.Release|Any CPU.Build.0 = Release|Any CPU
		{EE20CB35-64FF-4BC8-AB72-BC1FEB04FD02}.Debug|Any CPU.ActiveCfg = Debug|Any CPU
		{EE20CB35-64FF-4BC8-AB72-BC1FEB04FD02}.Debug|Any CPU.Build.0 = Debug|Any CPU
		{EE20CB35-64FF-4BC8-AB72-BC1FEB04FD02}.Release|Any CPU.ActiveCfg = Release|Any CPU
		{EE20CB35-64FF-4BC8-AB72-BC1FEB04FD02}.Release|Any CPU.Build.0 = Release|Any CPU
		{E14C5C61-50E9-4AD0-8086-6632DDA9F8E4}.Debug|Any CPU.ActiveCfg = Debug|Any CPU
		{E14C5C61-50E9-4AD0-8086-6632DDA9F8E4}.Debug|Any CPU.Build.0 = Debug|Any CPU
		{E14C5C61-50E9-4AD0-8086-6632DDA9F8E4}.Release|Any CPU.ActiveCfg = Release|Any CPU
		{E14C5C61-50E9-4AD0-8086-6632DDA9F8E4}.Release|Any CPU.Build.0 = Release|Any CPU
		{BFEBE1E9-5FC3-4169-8712-186F4C7305A2}.Debug|Any CPU.ActiveCfg = Debug|Any CPU
		{BFEBE1E9-5FC3-4169-8712-186F4C7305A2}.Debug|Any CPU.Build.0 = Debug|Any CPU
		{BFEBE1E9-5FC3-4169-8712-186F4C7305A2}.Release|Any CPU.ActiveCfg = Release|Any CPU
		{BFEBE1E9-5FC3-4169-8712-186F4C7305A2}.Release|Any CPU.Build.0 = Release|Any CPU
		{ED41B213-45CE-4171-8E09-A2D91F62C5B8}.Debug|Any CPU.ActiveCfg = Debug|Any CPU
		{ED41B213-45CE-4171-8E09-A2D91F62C5B8}.Debug|Any CPU.Build.0 = Debug|Any CPU
		{ED41B213-45CE-4171-8E09-A2D91F62C5B8}.Release|Any CPU.ActiveCfg = Release|Any CPU
		{ED41B213-45CE-4171-8E09-A2D91F62C5B8}.Release|Any CPU.Build.0 = Release|Any CPU
		{278E4FEA-F18A-4C57-BF62-13EE2E861A0A}.Debug|Any CPU.ActiveCfg = Debug|Any CPU
		{278E4FEA-F18A-4C57-BF62-13EE2E861A0A}.Debug|Any CPU.Build.0 = Debug|Any CPU
		{278E4FEA-F18A-4C57-BF62-13EE2E861A0A}.Release|Any CPU.ActiveCfg = Release|Any CPU
		{278E4FEA-F18A-4C57-BF62-13EE2E861A0A}.Release|Any CPU.Build.0 = Release|Any CPU
		{D6A5A6E7-4890-44B9-8938-5AB292D9DA77}.Debug|Any CPU.ActiveCfg = Debug|Any CPU
		{D6A5A6E7-4890-44B9-8938-5AB292D9DA77}.Debug|Any CPU.Build.0 = Debug|Any CPU
		{D6A5A6E7-4890-44B9-8938-5AB292D9DA77}.Release|Any CPU.ActiveCfg = Release|Any CPU
		{D6A5A6E7-4890-44B9-8938-5AB292D9DA77}.Release|Any CPU.Build.0 = Release|Any CPU
		{DD98DFEC-24A6-4D8A-AD4F-52ACA0CB9327}.Debug|Any CPU.ActiveCfg = Debug|Any CPU
		{DD98DFEC-24A6-4D8A-AD4F-52ACA0CB9327}.Debug|Any CPU.Build.0 = Debug|Any CPU
		{DD98DFEC-24A6-4D8A-AD4F-52ACA0CB9327}.Release|Any CPU.ActiveCfg = Release|Any CPU
		{DD98DFEC-24A6-4D8A-AD4F-52ACA0CB9327}.Release|Any CPU.Build.0 = Release|Any CPU
		{821863DA-7378-400D-A9B2-ED2BAB6C7B5B}.Debug|Any CPU.ActiveCfg = Debug|Any CPU
		{821863DA-7378-400D-A9B2-ED2BAB6C7B5B}.Debug|Any CPU.Build.0 = Debug|Any CPU
		{821863DA-7378-400D-A9B2-ED2BAB6C7B5B}.Release|Any CPU.ActiveCfg = Release|Any CPU
		{821863DA-7378-400D-A9B2-ED2BAB6C7B5B}.Release|Any CPU.Build.0 = Release|Any CPU
		{539D528D-8ECE-4B63-945D-25A095BF6DC9}.Debug|Any CPU.ActiveCfg = Debug|Any CPU
		{539D528D-8ECE-4B63-945D-25A095BF6DC9}.Debug|Any CPU.Build.0 = Debug|Any CPU
		{539D528D-8ECE-4B63-945D-25A095BF6DC9}.Release|Any CPU.ActiveCfg = Release|Any CPU
		{539D528D-8ECE-4B63-945D-25A095BF6DC9}.Release|Any CPU.Build.0 = Release|Any CPU
		{C35ACFDA-D62F-4EBB-999B-CA2EAD43F01E}.Debug|Any CPU.ActiveCfg = Debug|Any CPU
		{C35ACFDA-D62F-4EBB-999B-CA2EAD43F01E}.Debug|Any CPU.Build.0 = Debug|Any CPU
		{C35ACFDA-D62F-4EBB-999B-CA2EAD43F01E}.Release|Any CPU.ActiveCfg = Release|Any CPU
		{C35ACFDA-D62F-4EBB-999B-CA2EAD43F01E}.Release|Any CPU.Build.0 = Release|Any CPU
		{13DD0E14-CA6B-41D2-B65C-707023FA5265}.Debug|Any CPU.ActiveCfg = Debug|Any CPU
		{13DD0E14-CA6B-41D2-B65C-707023FA5265}.Debug|Any CPU.Build.0 = Debug|Any CPU
		{13DD0E14-CA6B-41D2-B65C-707023FA5265}.Release|Any CPU.ActiveCfg = Release|Any CPU
		{13DD0E14-CA6B-41D2-B65C-707023FA5265}.Release|Any CPU.Build.0 = Release|Any CPU
		{082F5B0C-DFF6-4349-989E-DA4206177DBB}.Debug|Any CPU.ActiveCfg = Debug|Any CPU
		{082F5B0C-DFF6-4349-989E-DA4206177DBB}.Debug|Any CPU.Build.0 = Debug|Any CPU
		{082F5B0C-DFF6-4349-989E-DA4206177DBB}.Release|Any CPU.ActiveCfg = Release|Any CPU
		{082F5B0C-DFF6-4349-989E-DA4206177DBB}.Release|Any CPU.Build.0 = Release|Any CPU
		{34244362-0D47-45B2-A8BC-A8B215AECFCF}.Debug|Any CPU.ActiveCfg = Debug|Any CPU
		{34244362-0D47-45B2-A8BC-A8B215AECFCF}.Debug|Any CPU.Build.0 = Debug|Any CPU
		{34244362-0D47-45B2-A8BC-A8B215AECFCF}.Release|Any CPU.ActiveCfg = Release|Any CPU
		{34244362-0D47-45B2-A8BC-A8B215AECFCF}.Release|Any CPU.Build.0 = Release|Any CPU
	EndGlobalSection
	GlobalSection(SolutionProperties) = preSolution
		HideSolutionNode = FALSE
	EndGlobalSection
	GlobalSection(ExtensibilityGlobals) = postSolution
		SolutionGuid = {65019A96-DE98-4876-BD82-F32FAA7DD643}
	EndGlobalSection
EndGlobal
